<?xml version="1.0" encoding="utf-8"?>
<Project ToolsVersion="4.0" xmlns="http://schemas.microsoft.com/developer/msbuild/2003">
  <ItemGroup>
    <Filter Include="Source Files">
      <UniqueIdentifier>{4FC737F1-C7A5-4376-A066-2A32D752A2FF}</UniqueIdentifier>
      <Extensions>cpp;c;cc;cxx;c++;cppm;ixx;def;odl;idl;hpj;bat;asm;asmx</Extensions>
    </Filter>
    <Filter Include="Header Files">
      <UniqueIdentifier>{93995380-89BD-4b04-88EB-625FBE52EBFB}</UniqueIdentifier>
      <Extensions>h;hh;hpp;hxx;h++;hm;inl;inc;ipp;xsd</Extensions>
    </Filter>
    <Filter Include="Resource Files">
      <UniqueIdentifier>{67DA6AB6-F800-4c08-8B7A-83BB121AAD01}</UniqueIdentifier>
      <Extensions>rc;ico;cur;bmp;dlg;rc2;rct;bin;rgs;gif;jpg;jpeg;jpe;resx;tiff;tif;png;wav;mfcribbon-ms</Extensions>
    </Filter>
  </ItemGroup>
  <ItemGroup>
    <ClCompile Include="PRIME1.cpp">
      <Filter>Source Files</Filter>
    </ClCompile>
    <ClCompile Include="timsonttrongkhoan.cpp">
      <Filter>Source Files</Filter>
    </ClCompile>
    <ClCompile Include="LCMvsGCD1.cpp">
      <Filter>Source Files</Filter>
    </ClCompile>
    <ClCompile Include="PRIME2.cpp">
      <Filter>Source Files</Filter>
    </ClCompile>
    <ClCompile Include="demoo.cpp">
      <Filter>Source Files</Filter>
    </ClCompile>
    <ClCompile Include="PRIME3.cpp">
      <Filter>Source Files</Filter>
    </ClCompile>
    <ClCompile Include="PRIME1(P.A).cpp">
      <Filter>Source Files</Filter>
    </ClCompile>
    <ClCompile Include="PRIME9.cpp">
      <Filter>Source Files</Filter>
    </ClCompile>
    <ClCompile Include="PRIME14.cpp">
      <Filter>Source Files</Filter>
    </ClCompile>
    <ClCompile Include="Fibonaci1.cpp">
      <Filter>Source Files</Filter>
    </ClCompile>
    <ClCompile Include="COMINATION1.cpp">
      <Filter>Source Files</Filter>
    </ClCompile>
    <ClCompile Include="LCMvsGCD2.cpp">
      <Filter>Source Files</Filter>
    </ClCompile>
    <ClCompile Include="Searching1.cpp">
      <Filter>Source Files</Filter>
    </ClCompile>
    <ClCompile Include="MODULO1.cpp">
      <Filter>Source Files</Filter>
    </ClCompile>
    <ClCompile Include="Re-arrangArray1.cpp">
      <Filter>Source Files</Filter>
    </ClCompile>
    <ClCompile Include="MODULO2.cpp">
      <Filter>Source Files</Filter>
    </ClCompile>
    <ClCompile Include="Searching2.cpp">
      <Filter>Source Files</Filter>
    </ClCompile>
    <ClCompile Include="Searching3.cpp">
      <Filter>Source Files</Filter>
    </ClCompile>
    <ClCompile Include="Searching4.cpp">
      <Filter>Source Files</Filter>
    </ClCompile>
    <ClCompile Include="Searching5.cpp">
      <Filter>Source Files</Filter>
    </ClCompile>
    <ClCompile Include="Searching7.cpp">
      <Filter>Source Files</Filter>
    </ClCompile>
    <ClCompile Include="searching8.cpp">
      <Filter>Source Files</Filter>
    </ClCompile>
    <ClCompile Include="Searching14.cpp">
      <Filter>Source Files</Filter>
    </ClCompile>
    <ClCompile Include="MATRIX6.cpp">
      <Filter>Source Files</Filter>
    </ClCompile>
    <ClCompile Include="MATRIX7.cpp">
      <Filter>Source Files</Filter>
    </ClCompile>
    <ClCompile Include="Re-arrangArray2.cpp">
      <Filter>Source Files</Filter>
    </ClCompile>
    <ClCompile Include="MATRIX10.cpp">
      <Filter>Source Files</Filter>
    </ClCompile>
    <ClCompile Include="MinMax.cpp">
      <Filter>Source Files</Filter>
    </ClCompile>
    <ClCompile Include="MODULO3.cpp">
      <Filter>Source Files</Filter>
    </ClCompile>
    <ClCompile Include="MODULO4.cpp">
      <Filter>Source Files</Filter>
    </ClCompile>
    <ClCompile Include="PRIME12.cpp">
      <Filter>Source Files</Filter>
    </ClCompile>
    <ClCompile Include="Re-arrangArray14.cpp">
      <Filter>Source Files</Filter>
    </ClCompile>
    <ClCompile Include="OrderStatistics1.cpp">
      <Filter>Source Files</Filter>
    </ClCompile>
    <ClCompile Include="OrderStatistics2.cpp">
      <Filter>Source Files</Filter>
    </ClCompile>
    <ClCompile Include="OrderStatistics8.cpp">
      <Filter>Source Files</Filter>
    </ClCompile>
    <ClCompile Include="OrderStatistics12.cpp">
      <Filter>Source Files</Filter>
    </ClCompile>
    <ClCompile Include="PRIME12(1).cpp">
      <Filter>Source Files</Filter>
    </ClCompile>
    <ClCompile Include="Sorting1.cpp">
      <Filter>Source Files</Filter>
    </ClCompile>
    <ClCompile Include="Somayman.cpp">
      <Filter>Source Files</Filter>
    </ClCompile>
    <ClCompile Include="Somaman.cpp">
      <Filter>Source Files</Filter>
    </ClCompile>
    <ClCompile Include="baidemo.cpp">
      <Filter>Source Files</Filter>
    </ClCompile>
    <ClCompile Include="LCMvsGCD5.cpp">
      <Filter>Source Files</Filter>
    </ClCompile>
    <ClCompile Include="Fibonacci1.cpp">
      <Filter>Source Files</Filter>
    </ClCompile>
    <ClCompile Include="LCMvsGCD3.cpp">
      <Filter>Source Files</Filter>
    </ClCompile>
    <ClCompile Include="PRIME4.cpp">
      <Filter>Source Files</Filter>
    </ClCompile>
    <ClCompile Include="PRIME5.cpp">
      <Filter>Source Files</Filter>
    </ClCompile>
    <ClCompile Include="PRIME6.cpp">
      <Filter>Source Files</Filter>
    </ClCompile>
    <ClCompile Include="PRIME7.cpp">
      <Filter>Source Files</Filter>
    </ClCompile>
    <ClCompile Include="file.cpp">
      <Filter>Source Files</Filter>
    </ClCompile>
    <ClCompile Include="ID.cpp">
      <Filter>Source Files</Filter>
    </ClCompile>
    <ClCompile Include="OrderStatistics3.cpp">
      <Filter>Source Files</Filter>
    </ClCompile>
    <ClCompile Include="Sorting6.cpp">
      <Filter>Source Files</Filter>
    </ClCompile>
    <ClCompile Include="B.cpp">
      <Filter>Source Files</Filter>
    </ClCompile>
    <ClCompile Include="Sorting2.cpp">
      <Filter>Source Files</Filter>
    </ClCompile>
    <ClCompile Include="Sorting9.cpp">
      <Filter>Source Files</Filter>
    </ClCompile>
    <ClCompile Include="Sorting12.cpp">
      <Filter>Source Files</Filter>
    </ClCompile>
    <ClCompile Include="Sorting13.cpp">
      <Filter>Source Files</Filter>
    </ClCompile>
    <ClCompile Include="Sorting14.cpp">
      <Filter>Source Files</Filter>
    </ClCompile>
    <ClCompile Include="a.cpp">
      <Filter>Source Files</Filter>
    </ClCompile>
    <ClCompile Include="Sorting4+5.cpp">
      <Filter>Source Files</Filter>
    </ClCompile>
    <ClCompile Include="AA.cpp">
      <Filter>Source Files</Filter>
    </ClCompile>
    <ClCompile Include="PRIME11.cpp">
      <Filter>Source Files</Filter>
    </ClCompile>
    <ClCompile Include="PRIME16.cpp">
      <Filter>Source Files</Filter>
    </ClCompile>
    <ClCompile Include="String1.cpp">
      <Filter>Source Files</Filter>
    </ClCompile>
    <ClCompile Include="String2.cpp">
      <Filter>Source Files</Filter>
    </ClCompile>
    <ClCompile Include="String3.cpp">
      <Filter>Source Files</Filter>
    </ClCompile>
    <ClCompile Include="thuattoanquaylui.cpp">
      <Filter>Source Files</Filter>
    </ClCompile>
    <ClCompile Include="Re-arrang Array 3.cpp">
      <Filter>Source Files</Filter>
    </ClCompile>
    <ClCompile Include="Re-arrang Array 6.cpp">
      <Filter>Source Files</Filter>
    </ClCompile>
    <ClCompile Include="Re-arrang Array 9.cpp">
      <Filter>Source Files</Filter>
    </ClCompile>
    <ClCompile Include="Tonguocso.cpp">
      <Filter>Source Files</Filter>
    </ClCompile>
    <ClCompile Include="Sosmith.cpp">
      <Filter>Source Files</Filter>
    </ClCompile>
    <ClCompile Include="Source.cpp">
      <Filter>Source Files</Filter>
    </ClCompile>
  </ItemGroup>
</Project>